
Microsoft Visual Studio Solution File, Format Version 12.00
# Visual Studio Version 16
VisualStudioVersion = 16.0.30114.105
MinimumVisualStudioVersion = 10.0.40219.1
Project("{2150E333-8FDC-42A3-9474-1A3956D46DE8}") = "src", "src", "{ABF2523F-5E6A-469D-8FDE-A972B9085AB9}"
EndProject
Project("{2150E333-8FDC-42A3-9474-1A3956D46DE8}") = "Infrastructure", "Infrastructure", "{07B5D3C0-C671-4FE3-8E8A-D64621442E82}"
EndProject
Project("{FAE04EC0-301F-11D3-BF4B-00C04F79EFBC}") = "Stella.DeviceIdentifier", "src\Infrastructure\Stella.DeviceIdentifier\Stella.DeviceIdentifier.csproj", "{C3BFB8D7-6746-412C-BBA6-9D0C8027BEE8}"
EndProject
Project("{FAE04EC0-301F-11D3-BF4B-00C04F79EFBC}") = "Stella.Utils", "src\Infrastructure\Stella.Utils\Stella.Utils.csproj", "{809E7AFD-E9AB-48C2-9BE9-DC19FE8642A3}"
EndProject
Project("{FAE04EC0-301F-11D3-BF4B-00C04F79EFBC}") = "Stella.StartupBeacon", "src\Infrastructure\Stella.StartupBeacon\Stella.StartupBeacon.csproj", "{0F0CE771-E7F9-48C9-BD8C-6315B5F9643A}"
EndProject
Project("{2150E333-8FDC-42A3-9474-1A3956D46DE8}") = "Core", "Core", "{4B5A264F-D3E9-4CB4-B6FA-999039A7E707}"
EndProject
Project("{FAE04EC0-301F-11D3-BF4B-00C04F79EFBC}") = "Stella.Core", "src\Core\Stella.Core\Stella.Core.csproj", "{F13DA4B9-F20A-4884-B453-3FB5E56E2D8A}"
EndProject
Project("{FAE04EC0-301F-11D3-BF4B-00C04F79EFBC}") = "Stella.Core.Reshade", "src\Core\Stella.Core.Reshade\Stella.Core.Reshade.csproj", "{C1D18B9F-4E09-4F4C-8444-2082821D1BD4}"
EndProject
Project("{FAE04EC0-301F-11D3-BF4B-00C04F79EFBC}") = "Stella.Core.FpsUnlock", "src\Core\Stella.Core.FpsUnlock\Stella.Core.FpsUnlock.csproj", "{D8626A21-0EFC-4981-BC0C-EE91E8183076}"
EndProject
Project("{FAE04EC0-301F-11D3-BF4B-00C04F79EFBC}") = "Stella.Core.Migoto", "src\Core\Stella.Core.Migoto\Stella.Core.Migoto.csproj", "{B912CE98-84B8-4B06-991E-0CE11F852AF0}"
EndProject
Project("{2150E333-8FDC-42A3-9474-1A3956D46DE8}") = "Application", "Application", "{D5D3EDC1-F879-435D-AAC3-F3D6964F3A1D}"
EndProject
Project("{FAE04EC0-301F-11D3-BF4B-00C04F79EFBC}") = "Stella.Services", "src\Application\Stella.Services\Stella.Services.csproj", "{539DBC24-73AD-4A49-9278-1AE4BC713D5A}"
EndProject
Project("{FAE04EC0-301F-11D3-BF4B-00C04F79EFBC}") = "Stella.Update", "src\Application\Stella.Update\Stella.Update.csproj", "{BA51F8D0-4D42-4E0D-A6BA-78D10B685DAD}"
EndProject
Project("{2150E333-8FDC-42A3-9474-1A3956D46DE8}") = "UI", "UI", "{7C89E18E-040D-4990-8E88-26995F1505E7}"
EndProject
Project("{FAE04EC0-301F-11D3-BF4B-00C04F79EFBC}") = "Stella.Launcher", "src\UI\Stella.Launcher\Stella.Launcher.csproj", "{11461545-AAA1-4EC5-913F-2F36B6B17591}"
EndProject
Project("{FAE04EC0-301F-11D3-BF4B-00C04F79EFBC}") = "Stella.Welcome", "src\UI\Stella.Welcome\Stella.Welcome.csproj", "{4CF470B8-A88A-4EF5-81AC-381BB6C876D4}"
EndProject
Project("{2150E333-8FDC-42A3-9474-1A3956D46DE8}") = "Distribution", "Distribution", "{1A731FB4-5BFD-42DB-82E0-D578E7F42F16}"
EndProject
Project("{FAE04EC0-301F-11D3-BF4B-00C04F79EFBC}") = "Stella.Builder", "src\Distribution\Stella.Builder\Stella.Builder.csproj", "{BEB88F26-D102-43F9-B898-0D8FD9996648}"
EndProject
Project("{2150E333-8FDC-42A3-9474-1A3956D46DE8}") = "tests", "tests", "{E8C3A6BC-D13A-41FC-B7AB-8C74095CC0C8}"
EndProject
Project("{FAE04EC0-301F-11D3-BF4B-00C04F79EFBC}") = "Test.Genshin", "tests\Test.Genshin\Test.Genshin.csproj", "{20EB6D35-2258-495A-B0BF-8BED3024D7C7}"
EndProject
Global
	GlobalSection(SolutionConfigurationPlatforms) = preSolution
		Debug|Any CPU = Debug|Any CPU
		Release|Any CPU = Release|Any CPU
	EndGlobalSection
	GlobalSection(SolutionProperties) = preSolution
		HideSolutionNode = FALSE
	EndGlobalSection
	GlobalSection(ProjectConfigurationPlatforms) = postSolution
		{C3BFB8D7-6746-412C-BBA6-9D0C8027BEE8}.Debug|Any CPU.ActiveCfg = Debug|Any CPU
		{C3BFB8D7-6746-412C-BBA6-9D0C8027BEE8}.Debug|Any CPU.Build.0 = Debug|Any CPU
		{C3BFB8D7-6746-412C-BBA6-9D0C8027BEE8}.Release|Any CPU.ActiveCfg = Release|Any CPU
		{C3BFB8D7-6746-412C-BBA6-9D0C8027BEE8}.Release|Any CPU.Build.0 = Release|Any CPU
		{809E7AFD-E9AB-48C2-9BE9-DC19FE8642A3}.Debug|Any CPU.ActiveCfg = Debug|Any CPU
		{809E7AFD-E9AB-48C2-9BE9-DC19FE8642A3}.Debug|Any CPU.Build.0 = Debug|Any CPU
		{809E7AFD-E9AB-48C2-9BE9-DC19FE8642A3}.Release|Any CPU.ActiveCfg = Release|Any CPU
		{809E7AFD-E9AB-48C2-9BE9-DC19FE8642A3}.Release|Any CPU.Build.0 = Release|Any CPU
		{0F0CE771-E7F9-48C9-BD8C-6315B5F9643A}.Debug|Any CPU.ActiveCfg = Debug|Any CPU
		{0F0CE771-E7F9-48C9-BD8C-6315B5F9643A}.Debug|Any CPU.Build.0 = Debug|Any CPU
		{0F0CE771-E7F9-48C9-BD8C-6315B5F9643A}.Release|Any CPU.ActiveCfg = Release|Any CPU
		{0F0CE771-E7F9-48C9-BD8C-6315B5F9643A}.Release|Any CPU.Build.0 = Release|Any CPU
		{F13DA4B9-F20A-4884-B453-3FB5E56E2D8A}.Debug|Any CPU.ActiveCfg = Debug|Any CPU
		{F13DA4B9-F20A-4884-B453-3FB5E56E2D8A}.Debug|Any CPU.Build.0 = Debug|Any CPU
		{F13DA4B9-F20A-4884-B453-3FB5E56E2D8A}.Release|Any CPU.ActiveCfg = Release|Any CPU
		{F13DA4B9-F20A-4884-B453-3FB5E56E2D8A}.Release|Any CPU.Build.0 = Release|Any CPU
		{C1D18B9F-4E09-4F4C-8444-2082821D1BD4}.Debug|Any CPU.ActiveCfg = Debug|Any CPU
		{C1D18B9F-4E09-4F4C-8444-2082821D1BD4}.Debug|Any CPU.Build.0 = Debug|Any CPU
		{C1D18B9F-4E09-4F4C-8444-2082821D1BD4}.Release|Any CPU.ActiveCfg = Release|Any CPU
		{C1D18B9F-4E09-4F4C-8444-2082821D1BD4}.Release|Any CPU.Build.0 = Release|Any CPU
		{D8626A21-0EFC-4981-BC0C-EE91E8183076}.Debug|Any CPU.ActiveCfg = Debug|Any CPU
		{D8626A21-0EFC-4981-BC0C-EE91E8183076}.Debug|Any CPU.Build.0 = Debug|Any CPU
		{D8626A21-0EFC-4981-BC0C-EE91E8183076}.Release|Any CPU.ActiveCfg = Release|Any CPU
		{D8626A21-0EFC-4981-BC0C-EE91E8183076}.Release|Any CPU.Build.0 = Release|Any CPU
		{B912CE98-84B8-4B06-991E-0CE11F852AF0}.Debug|Any CPU.ActiveCfg = Debug|Any CPU
		{B912CE98-84B8-4B06-991E-0CE11F852AF0}.Debug|Any CPU.Build.0 = Debug|Any CPU
		{B912CE98-84B8-4B06-991E-0CE11F852AF0}.Release|Any CPU.ActiveCfg = Release|Any CPU
		{B912CE98-84B8-4B06-991E-0CE11F852AF0}.Release|Any CPU.Build.0 = Release|Any CPU
		{539DBC24-73AD-4A49-9278-1AE4BC713D5A}.Debug|Any CPU.ActiveCfg = Debug|Any CPU
		{539DBC24-73AD-4A49-9278-1AE4BC713D5A}.Debug|Any CPU.Build.0 = Debug|Any CPU
		{539DBC24-73AD-4A49-9278-1AE4BC713D5A}.Release|Any CPU.ActiveCfg = Release|Any CPU
		{539DBC24-73AD-4A49-9278-1AE4BC713D5A}.Release|Any CPU.Build.0 = Release|Any CPU
		{BA51F8D0-4D42-4E0D-A6BA-78D10B685DAD}.Debug|Any CPU.ActiveCfg = Debug|Any CPU
		{BA51F8D0-4D42-4E0D-A6BA-78D10B685DAD}.Debug|Any CPU.Build.0 = Debug|Any CPU
		{BA51F8D0-4D42-4E0D-A6BA-78D10B685DAD}.Release|Any CPU.ActiveCfg = Release|Any CPU
		{BA51F8D0-4D42-4E0D-A6BA-78D10B685DAD}.Release|Any CPU.Build.0 = Release|Any CPU
		{11461545-AAA1-4EC5-913F-2F36B6B17591}.Debug|Any CPU.ActiveCfg = Debug|Any CPU
		{11461545-AAA1-4EC5-913F-2F36B6B17591}.Debug|Any CPU.Build.0 = Debug|Any CPU
		{11461545-AAA1-4EC5-913F-2F36B6B17591}.Release|Any CPU.ActiveCfg = Release|Any CPU
		{11461545-AAA1-4EC5-913F-2F36B6B17591}.Release|Any CPU.Build.0 = Release|Any CPU
		{4CF470B8-A88A-4EF5-81AC-381BB6C876D4}.Debug|Any CPU.ActiveCfg = Debug|Any CPU
		{4CF470B8-A88A-4EF5-81AC-381BB6C876D4}.Debug|Any CPU.Build.0 = Debug|Any CPU
		{4CF470B8-A88A-4EF5-81AC-381BB6C876D4}.Release|Any CPU.ActiveCfg = Release|Any CPU
		{4CF470B8-A88A-4EF5-81AC-381BB6C876D4}.Release|Any CPU.Build.0 = Release|Any CPU
		{BEB88F26-D102-43F9-B898-0D8FD9996648}.Debug|Any CPU.ActiveCfg = Debug|Any CPU
		{BEB88F26-D102-43F9-B898-0D8FD9996648}.Debug|Any CPU.Build.0 = Debug|Any CPU
		{BEB88F26-D102-43F9-B898-0D8FD9996648}.Release|Any CPU.ActiveCfg = Release|Any CPU
		{BEB88F26-D102-43F9-B898-0D8FD9996648}.Release|Any CPU.Build.0 = Release|Any CPU
		{20EB6D35-2258-495A-B0BF-8BED3024D7C7}.Debug|Any CPU.ActiveCfg = Debug|Any CPU
		{20EB6D35-2258-495A-B0BF-8BED3024D7C7}.Debug|Any CPU.Build.0 = Debug|Any CPU
		{20EB6D35-2258-495A-B0BF-8BED3024D7C7}.Release|Any CPU.ActiveCfg = Release|Any CPU
		{20EB6D35-2258-495A-B0BF-8BED3024D7C7}.Release|Any CPU.Build.0 = Release|Any CPU
	EndGlobalSection
	GlobalSection(NestedProjects) = preSolution
		{07B5D3C0-C671-4FE3-8E8A-D64621442E82} = {ABF2523F-5E6A-469D-8FDE-A972B9085AB9}
		{C3BFB8D7-6746-412C-BBA6-9D0C8027BEE8} = {07B5D3C0-C671-4FE3-8E8A-D64621442E82}
		{809E7AFD-E9AB-48C2-9BE9-DC19FE8642A3} = {07B5D3C0-C671-4FE3-8E8A-D64621442E82}
		{0F0CE771-E7F9-48C9-BD8C-6315B5F9643A} = {07B5D3C0-C671-4FE3-8E8A-D64621442E82}
		{4B5A264F-D3E9-4CB4-B6FA-999039A7E707} = {ABF2523F-5E6A-469D-8FDE-A972B9085AB9}
		{F13DA4B9-F20A-4884-B453-3FB5E56E2D8A} = {4B5A264F-D3E9-4CB4-B6FA-999039A7E707}
		{C1D18B9F-4E09-4F4C-8444-2082821D1BD4} = {4B5A264F-D3E9-4CB4-B6FA-999039A7E707}
		{D8626A21-0EFC-4981-BC0C-EE91E8183076} = {4B5A264F-D3E9-4CB4-B6FA-999039A7E707}
		{B912CE98-84B8-4B06-991E-0CE11F852AF0} = {4B5A264F-D3E9-4CB4-B6FA-999039A7E707}
		{D5D3EDC1-F879-435D-AAC3-F3D6964F3A1D} = {ABF2523F-5E6A-469D-8FDE-A972B9085AB9}
		{539DBC24-73AD-4A49-9278-1AE4BC713D5A} = {D5D3EDC1-F879-435D-AAC3-F3D6964F3A1D}
		{BA51F8D0-4D42-4E0D-A6BA-78D10B685DAD} = {D5D3EDC1-F879-435D-AAC3-F3D6964F3A1D}
		{7C89E18E-040D-4990-8E88-26995F1505E7} = {ABF2523F-5E6A-469D-8FDE-A972B9085AB9}
		{11461545-AAA1-4EC5-913F-2F36B6B17591} = {7C89E18E-040D-4990-8E88-26995F1505E7}
		{4CF470B8-A88A-4EF5-81AC-381BB6C876D4} = {7C89E18E-040D-4990-8E88-26995F1505E7}
		{1A731FB4-5BFD-42DB-82E0-D578E7F42F16} = {ABF2523F-5E6A-469D-8FDE-A972B9085AB9}
		{BEB88F26-D102-43F9-B898-0D8FD9996648} = {1A731FB4-5BFD-42DB-82E0-D578E7F42F16}
		{20EB6D35-2258-495A-B0BF-8BED3024D7C7} = {E8C3A6BC-D13A-41FC-B7AB-8C74095CC0C8}
	EndGlobalSection
EndGlobal
